// !$*UTF8*$!
{
	archiveVersion = 1;
	classes = {
	};
	objectVersion = 77;
	objects = {

/* Begin PBXBuildFile section */
		5C919DD72F7DC17400DCF5CF /* WidgetKit.framework in Frameworks */ = {isa = PBXBuildFile; fileRef = 5C919DD62F7DC17300DCF5CF /* WidgetKit.framework */; };
		5C919DD92F7DC17400DCF5CF /* SwiftUI.framework in Frameworks */ = {isa = PBXBuildFile; fileRef = 5C919DD82F7DC17400DCF5CF /* SwiftUI.framework */; };
		5C919DEA2F7DC17500DCF5CF /* VALORANT EsportsWidgetsExtension.appex in Embed Foundation Extensions */ = {isa = PBXBuildFile; fileRef = 5C919DD42F7DC17300DCF5CF /* VALORANT EsportsWidgetsExtension.appex */; settings = {ATTRIBUTES = (RemoveHeadersOnCopy, ); }; };
/* End PBXBuildFile section */

/* Begin PBXContainerItemProxy section */
		5C919DE82F7DC17500DCF5CF /* PBXContainerItemProxy */ = {
			isa = PBXContainerItemProxy;
			containerPortal = 5CA09E4D2F3186AC00C4933A /* Project object */;
			proxyType = 1;
			remoteGlobalIDString = 5C919DD32F7DC17300DCF5CF;
			remoteInfo = "VALORANT EsportsWidgetsExtension";
		};
		5CA09E632F3186AD00C4933A /* PBXContainerItemProxy */ = {
			isa = PBXContainerItemProxy;
			containerPortal = 5CA09E4D2F3186AC00C4933A /* Project object */;
			proxyType = 1;
			remoteGlobalIDString = 5CA09E542F3186AC00C4933A;
			remoteInfo = "VALORANT Esports";
		};
		5CA09E6D2F3186AD00C4933A /* PBXContainerItemProxy */ = {
			isa = PBXContainerItemProxy;
			containerPortal = 5CA09E4D2F3186AC00C4933A /* Project object */;
			proxyType = 1;
			remoteGlobalIDString = 5CA09E542F3186AC00C4933A;
			remoteInfo = "VALORANT Esports";
		};
/* End PBXContainerItemProxy section */

/* Begin PBXCopyFilesBuildPhase section */
		5C919DEF2F7DC17500DCF5CF /* Embed Foundation Extensions */ = {
			isa = PBXCopyFilesBuildPhase;
			buildActionMask = 2147483647;
			dstPath = "";
			dstSubfolderSpec = 13;
			files = (
				5C919DEA2F7DC17500DCF5CF /* VALORANT EsportsWidgetsExtension.appex in Embed Foundation Extensions */,
			);
			name = "Embed Foundation Extensions";
			runOnlyForDeploymentPostprocessing = 0;
		};
/* End PBXCopyFilesBuildPhase section */

/* Begin PBXFileReference section */
		5C919DD42F7DC17300DCF5CF /* VALORANT EsportsWidgetsExtension.appex */ = {isa = PBXFileReference; explicitFileType = "wrapper.app-extension"; includeInIndex = 0; path = "VALORANT EsportsWidgetsExtension.appex"; sourceTree = BUILT_PRODUCTS_DIR; };
		5C919DD62F7DC17300DCF5CF /* WidgetKit.framework */ = {isa = PBXFileReference; lastKnownFileType = wrapper.framework; name = WidgetKit.framework; path = System/Library/Frameworks/WidgetKit.framework; sourceTree = SDKROOT; };
		5C919DD82F7DC17400DCF5CF /* SwiftUI.framework */ = {isa = PBXFileReference; lastKnownFileType = wrapper.framework; name = SwiftUI.framework; path = System/Library/Frameworks/SwiftUI.framework; sourceTree = SDKROOT; };
		5CA09E552F3186AC00C4933A /* VALORANT Esports.app */ = {isa = PBXFileReference; explicitFileType = wrapper.application; includeInIndex = 0; path = "VALORANT Esports.app"; sourceTree = BUILT_PRODUCTS_DIR; };
		5CA09E622F3186AD00C4933A /* VALORANT EsportsTests.xctest */ = {isa = PBXFileReference; explicitFileType = wrapper.cfbundle; includeInIndex = 0; path = "VALORANT EsportsTests.xctest"; sourceTree = BUILT_PRODUCTS_DIR; };
		5CA09E6C2F3186AD00C4933A /* VALORANT EsportsUITests.xctest */ = {isa = PBXFileReference; explicitFileType = wrapper.cfbundle; includeInIndex = 0; path = "VALORANT EsportsUITests.xctest"; sourceTree = BUILT_PRODUCTS_DIR; };
/* End PBXFileReference section */

/* Begin PBXFileSystemSynchronizedBuildFileExceptionSet section */
		5C919DEB2F7DC17500DCF5CF /* Exceptions for "VALORANT EsportsWidgets" folder in "VALORANT EsportsWidgetsExtension" target */ = {
			isa = PBXFileSystemSynchronizedBuildFileExceptionSet;
			membershipExceptions = (
				Info.plist,
			);
			target = 5C919DD32F7DC17300DCF5CF /* VALORANT EsportsWidgetsExtension */;
		};
/* End PBXFileSystemSynchronizedBuildFileExceptionSet section */

/* Begin PBXFileSystemSynchronizedRootGroup section */
		5C919DDA2F7DC17400DCF5CF /* VALORANT EsportsWidgets */ = {
			isa = PBXFileSystemSynchronizedRootGroup;
			exceptions = (
				5C919DEB2F7DC17500DCF5CF /* Exceptions for "VALORANT EsportsWidgets" folder in "VALORANT EsportsWidgetsExtension" target */,
			);
			path = "VALORANT EsportsWidgets";
			sourceTree = "<group>";
		};
		5CA09E572F3186AC00C4933A /* VALORANT Esports */ = {
			isa = PBXFileSystemSynchronizedRootGroup;
			path = "VALORANT Esports";
			sourceTree = "<group>";
		};
		5CA09E652F3186AD00C4933A /* VALORANT EsportsTests */ = {
			isa = PBXFileSystemSynchronizedRootGroup;
			path = "VALORANT EsportsTests";
			sourceTree = "<group>";
		};
		5CA09E6F2F3186AD00C4933A /* VALORANT EsportsUITests */ = {
			isa = PBXFileSystemSynchronizedRootGroup;
			path = "VALORANT EsportsUITests";
			sourceTree = "<group>";
		};
/* End PBXFileSystemSynchronizedRootGroup section */

/* Begin PBXFrameworksBuildPhase section */
		5C919DD12F7DC17300DCF5CF /* Frameworks */ = {
			isa = PBXFrameworksBuildPhase;
			buildActionMask = 2147483647;
			files = (
				5C919DD92F7DC17400DCF5CF /* SwiftUI.framework in Frameworks */,
				5C919DD72F7DC17400DCF5CF /* WidgetKit.framework in Frameworks */,
			);
			runOnlyForDeploymentPostprocessing = 0;
		};
		5CA09E522F3186AC00C4933A /* Frameworks */ = {
			isa = PBXFrameworksBuildPhase;
			buildActionMask = 2147483647;
			files = (
			);
			runOnlyForDeploymentPostprocessing = 0;
		};
		5CA09E5F2F3186AD00C4933A /* Frameworks */ = {
			isa = PBXFrameworksBuildPhase;
			buildActionMask = 2147483647;
			files = (
			);
			runOnlyForDeploymentPostprocessing = 0;
		};
		5CA09E692F3186AD00C4933A /* Frameworks */ = {
			isa = PBXFrameworksBuildPhase;
			buildActionMask = 2147483647;
			files = (
			);
			runOnlyForDeploymentPostprocessing = 0;
		};
/* End PBXFrameworksBuildPhase section */

/* Begin PBXGroup section */
		5C919DD52F7DC17300DCF5CF /* Frameworks */ = {
			isa = PBXGroup;
			children = (
				5C919DD62F7DC17300DCF5CF /* WidgetKit.framework */,
				5C919DD82F7DC17400DCF5CF /* SwiftUI.framework */,
			);
			name = Frameworks;
			sourceTree = "<group>";
		};
		5CA09E4C2F3186AC00C4933A = {
			isa = PBXGroup;
			children = (
				5CA09E572F3186AC00C4933A /* VALORANT Esports */,
				5CA09E652F3186AD00C4933A /* VALORANT EsportsTests */,
				5CA09E6F2F3186AD00C4933A /* VALORANT EsportsUITests */,
				5C919DDA2F7DC17400DCF5CF /* VALORANT EsportsWidgets */,
				5C919DD52F7DC17300DCF5CF /* Frameworks */,
				5CA09E562F3186AC00C4933A /* Products */,
			);
			sourceTree = "<group>";
		};
		5CA09E562F3186AC00C4933A /* Products */ = {
			isa = PBXGroup;
			children = (
				5CA09E552F3186AC00C4933A /* VALORANT Esports.app */,
				5CA09E622F3186AD00C4933A /* VALORANT EsportsTests.xctest */,
				5CA09E6C2F3186AD00C4933A /* VALORANT EsportsUITests.xctest */,
				5C919DD42F7DC17300DCF5CF /* VALORANT EsportsWidgetsExtension.appex */,
			);
			name = Products;
			sourceTree = "<group>";
		};
/* End PBXGroup section */

/* Begin PBXNativeTarget section */
		5C919DD32F7DC17300DCF5CF /* VALORANT EsportsWidgetsExtension */ = {
			isa = PBXNativeTarget;
			buildConfigurationList = 5C919DEC2F7DC17500DCF5CF /* Build configuration list for PBXNativeTarget "VALORANT EsportsWidgetsExtension" */;
			buildPhases = (
				5C919DD02F7DC17300DCF5CF /* Sources */,
				5C919DD12F7DC17300DCF5CF /* Frameworks */,
				5C919DD22F7DC17300DCF5CF /* Resources */,
			);
			buildRules = (
			);
			dependencies = (
			);
			fileSystemSynchronizedGroups = (
				5C919DDA2F7DC17400DCF5CF /* VALORANT EsportsWidgets */,
			);
			name = "VALORANT EsportsWidgetsExtension";
			packageProductDependencies = (
			);
			productName = "VALORANT EsportsWidgetsExtension";
			productReference = 5C919DD42F7DC17300DCF5CF /* VALORANT EsportsWidgetsExtension.appex */;
			productType = "com.apple.product-type.app-extension";
		};
		5CA09E542F3186AC00C4933A /* VALORANT Esports */ = {
			isa = PBXNativeTarget;
			buildConfigurationList = 5CA09E762F3186AD00C4933A /* Build configuration list for PBXNativeTarget "VALORANT Esports" */;
			buildPhases = (
				5CA09E512F3186AC00C4933A /* Sources */,
				5CA09E522F3186AC00C4933A /* Frameworks */,
				5CA09E532F3186AC00C4933A /* Resources */,
				5C919DEF2F7DC17500DCF5CF /* Embed Foundation Extensions */,
			);
			buildRules = (
			);
			dependencies = (
				5C919DE92F7DC17500DCF5CF /* PBXTargetDependency */,
			);
			fileSystemSynchronizedGroups = (
				5CA09E572F3186AC00C4933A /* VALORANT Esports */,
			);
			name = "VALORANT Esports";
			packageProductDependencies = (
			);
			productName = "VALORANT Esports";
			productReference = 5CA09E552F3186AC00C4933A /* VALORANT Esports.app */;
			productType = "com.apple.product-type.application";
		};
		5CA09E612F3186AD00C4933A /* VALORANT EsportsTests */ = {
			isa = PBXNativeTarget;
			buildConfigurationList = 5CA09E792F3186AD00C4933A /* Build configuration list for PBXNativeTarget "VALORANT EsportsTests" */;
			buildPhases = (
				5CA09E5E2F3186AD00C4933A /* Sources */,
				5CA09E5F2F3186AD00C4933A /* Frameworks */,
				5CA09E602F3186AD00C4933A /* Resources */,
			);
			buildRules = (
			);
			dependencies = (
				5CA09E642F3186AD00C4933A /* PBXTargetDependency */,
			);
			fileSystemSynchronizedGroups = (
				5CA09E652F3186AD00C4933A /* VALORANT EsportsTests */,
			);
			name = "VALORANT EsportsTests";
			packageProductDependencies = (
			);
			productName = "VALORANT EsportsTests";
			productReference = 5CA09E622F3186AD00C4933A /* VALORANT EsportsTests.xctest */;
			productType = "com.apple.product-type.bundle.unit-test";
		};
		5CA09E6B2F3186AD00C4933A /* VALORANT EsportsUITests */ = {
			isa = PBXNativeTarget;
			buildConfigurationList = 5CA09E7C2F3186AD00C4933A /* Build configuration list for PBXNativeTarget "VALORANT EsportsUITests" */;
			buildPhases = (
				5CA09E682F3186AD00C4933A /* Sources */,
				5CA09E692F3186AD00C4933A /* Frameworks */,
				5CA09E6A2F3186AD00C4933A /* Resources */,
			);
			buildRules = (
			);
			dependencies = (
				5CA09E6E2F3186AD00C4933A /* PBXTargetDependency */,
			);
			fileSystemSynchronizedGroups = (
				5CA09E6F2F3186AD00C4933A /* VALORANT EsportsUITests */,
			);
			name = "VALORANT EsportsUITests";
			packageProductDependencies = (
			);
			productName = "VALORANT EsportsUITests";
			productReference = 5CA09E6C2F3186AD00C4933A /* VALORANT EsportsUITests.xctest */;
			productType = "com.apple.product-type.bundle.ui-testing";
		};
/* End PBXNativeTarget section */

/* Begin PBXProject section */
		5CA09E4D2F3186AC00C4933A /* Project object */ = {
			isa = PBXProject;
			attributes = {
				BuildIndependentTargetsInParallel = 1;
				LastSwiftUpdateCheck = 2620;
				LastUpgradeCheck = 2620;
				TargetAttributes = {
					5C919DD32F7DC17300DCF5CF = {
						CreatedOnToolsVersion = 26.2;
					};
					5CA09E542F3186AC00C4933A = {
						CreatedOnToolsVersion = 26.2;
					};
					5CA09E612F3186AD00C4933A = {
						CreatedOnToolsVersion = 26.2;
						TestTargetID = 5CA09E542F3186AC00C4933A;
					};
					5CA09E6B2F3186AD00C4933A = {
						CreatedOnToolsVersion = 26.2;
						TestTargetID = 5CA09E542F3186AC00C4933A;
					};
				};
			};
			buildConfigurationList = 5CA09E502F3186AC00C4933A /* Build configuration list for PBXProject "VALORANT Esports" */;
			developmentRegion = en;
			hasScannedForEncodings = 0;
			knownRegions = (
				en,
				Base,
			);
			mainGroup = 5CA09E4C2F3186AC00C4933A;
			minimizedProjectReferenceProxies = 1;
			preferredProjectObjectVersion = 77;
			productRefGroup = 5CA09E562F3186AC00C4933A /* Products */;
			projectDirPath = "";
			projectRoot = "";
			targets = (
				5CA09E542F3186AC00C4933A /* VALORANT Esports */,
				5CA09E612F3186AD00C4933A /* VALORANT EsportsTests */,
				5CA09E6B2F3186AD00C4933A /* VALORANT EsportsUITests */,
				5C919DD32F7DC17300DCF5CF /* VALORANT EsportsWidgetsExtension */,
			);
		};
/* End PBXProject section */

/* Begin PBXResourcesBuildPhase section */
		5C919DD22F7DC17300DCF5CF /* Resources */ = {
			isa = PBXResourcesBuildPhase;
			buildActionMask = 2147483647;
			files = (
			);
			runOnlyForDeploymentPostprocessing = 0;
		};
		5CA09E532F3186AC00C4933A /* Resources */ = {
			isa = PBXResourcesBuildPhase;
			buildActionMask = 2147483647;
			files = (
			);
			runOnlyForDeploymentPostprocessing = 0;
		};
		5CA09E602F3186AD00C4933A /* Resources */ = {
			isa = PBXResourcesBuildPhase;
			buildActionMask = 2147483647;
			files = (
			);
			runOnlyForDeploymentPostprocessing = 0;
		};
		5CA09E6A2F3186AD00C4933A /* Resources */ = {
			isa = PBXResourcesBuildPhase;
			buildActionMask = 2147483647;
			files = (
			);
			runOnlyForDeploymentPostprocessing = 0;
		};
/* End PBXResourcesBuildPhase section */

/* Begin PBXSourcesBuildPhase section */
		5C919DD02F7DC17300DCF5CF /* Sources */ = {
			isa = PBXSourcesBuildPhase;
			buildActionMask = 2147483647;
			files = (
			);
			runOnlyForDeploymentPostprocessing = 0;
		};
		5CA09E512F3186AC00C4933A /* Sources */ = {
			isa = PBXSourcesBuildPhase;
			buildActionMask = 2147483647;
			files = (
			);
			runOnlyForDeploymentPostprocessing = 0;
		};
		5CA09E5E2F3186AD00C4933A /* Sources */ = {
			isa = PBXSourcesBuildPhase;
			buildActionMask = 2147483647;
			files = (
			);
			runOnlyForDeploymentPostprocessing = 0;
		};
		5CA09E682F3186AD00C4933A /* Sources */ = {
			isa = PBXSourcesBuildPhase;
			buildActionMask = 2147483647;
			files = (
			);
			runOnlyForDeploymentPostprocessing = 0;
		};
/* End PBXSourcesBuildPhase section */

/* Begin PBXTargetDependency section */
		5C919DE92F7DC17500DCF5CF /* PBXTargetDependency */ = {
			isa = PBXTargetDependency;
			target = 5C919DD32F7DC17300DCF5CF /* VALORANT EsportsWidgetsExtension */;
			targetProxy = 5C919DE82F7DC17500DCF5CF /* PBXContainerItemProxy */;
		};
		5CA09E642F3186AD00C4933A /* PBXTargetDependency */ = {
			isa = PBXTargetDependency;
			target = 5CA09E542F3186AC00C4933A /* VALORANT Esports */;
			targetProxy = 5CA09E632F3186AD00C4933A /* PBXContainerItemProxy */;
		};
		5CA09E6E2F3186AD00C4933A /* PBXTargetDependency */ = {
			isa = PBXTargetDependency;
			target = 5CA09E542F3186AC00C4933A /* VALORANT Esports */;
			targetProxy = 5CA09E6D2F3186AD00C4933A /* PBXContainerItemProxy */;
		};
/* End PBXTargetDependency section */

/* Begin XCBuildConfiguration section */
		5C919DED2F7DC17500DCF5CF /* Debug */ = {
			isa = XCBuildConfiguration;
			buildSettings = {
				ASSETCATALOG_COMPILER_GLOBAL_ACCENT_COLOR_NAME = AccentColor;
				ASSETCATALOG_COMPILER_WIDGET_BACKGROUND_COLOR_NAME = WidgetBackground;
				CODE_SIGN_STYLE = Automatic;
				CURRENT_PROJECT_VERSION = 1;
				DEVELOPMENT_TEAM = 6Z77Y52QVL;
				GENERATE_INFOPLIST_FILE = YES;
				INFOPLIST_FILE = "VALORANT EsportsWidgets/Info.plist";
				INFOPLIST_KEY_CFBundleDisplayName = "VALORANT EsportsWidgets";
				INFOPLIST_KEY_NSHumanReadableCopyright = "";
				LD_RUNPATH_SEARCH_PATHS = (
					"$(inherited)",
					"@executable_path/Frameworks",
					"@executable_path/../../Frameworks",
				);
				MARKETING_VERSION = 1.0;
				PRODUCT_BUNDLE_IDENTIFIER = "com.aamir.VALORANT-Esports.VALORANT-EsportsWidgets";
				PRODUCT_NAME = "$(TARGET_NAME)";
				SKIP_INSTALL = YES;
				STRING_CATALOG_GENERATE_SYMBOLS = YES;
				SWIFT_APPROACHABLE_CONCURRENCY = YES;
				SWIFT_EMIT_LOC_STRINGS = YES;
				SWIFT_UPCOMING_FEATURE_MEMBER_IMPORT_VISIBILITY = YES;
				SWIFT_VERSION = 5.0;
				TARGETED_DEVICE_FAMILY = "1,2";
			};
			name = Debug;
		};
		5C919DEE2F7DC17500DCF5CF /* Release */ = {
			isa = XCBuildConfiguration;
			buildSettings = {
				ASSETCATALOG_COMPILER_GLOBAL_ACCENT_COLOR_NAME = AccentColor;
				ASSETCATALOG_COMPILER_WIDGET_BACKGROUND_COLOR_NAME = WidgetBackground;
				CODE_SIGN_STYLE = Automatic;
				CURRENT_PROJECT_VERSION = 1;
				DEVELOPMENT_TEAM = 6Z77Y52QVL;
				GENERATE_INFOPLIST_FILE = YES;
				INFOPLIST_FILE = "VALORANT EsportsWidgets/Info.plist";
				INFOPLIST_KEY_CFBundleDisplayName = "VALORANT EsportsWidgets";
				INFOPLIST_KEY_NSHumanReadableCopyright = "";
				LD_RUNPATH_SEARCH_PATHS = (
					"$(inherited)",
					"@executable_path/Frameworks",
					"@executable_path/../../Frameworks",
				);
				MARKETING_VERSION = 1.0;
				PRODUCT_BUNDLE_IDENTIFIER = "com.aamir.VALORANT-Esports.VALORANT-EsportsWidgets";
				PRODUCT_NAME = "$(TARGET_NAME)";
				SKIP_INSTALL = YES;
				STRING_CATALOG_GENERATE_SYMBOLS = YES;
				SWIFT_APPROACHABLE_CONCURRENCY = YES;
				SWIFT_EMIT_LOC_STRINGS = YES;
				SWIFT_UPCOMING_FEATURE_MEMBER_IMPORT_VISIBILITY = YES;
				SWIFT_VERSION = 5.0;
				TARGETED_DEVICE_FAMILY = "1,2";
			};
			name = Release;
		};
		5CA09E742F3186AD00C4933A /* Debug */ = {
			isa = XCBuildConfiguration;
			buildSettings = {
				ALWAYS_SEARCH_USER_PATHS = NO;
				ASSETCATALOG_COMPILER_GENERATE_SWIFT_ASSET_SYMBOL_EXTENSIONS = YES;
				CLANG_ANALYZER_NONNULL = YES;
				CLANG_ANALYZER_NUMBER_OBJECT_CONVERSION = YES_AGGRESSIVE;
				CLANG_CXX_LANGUAGE_STANDARD = "gnu++20";
				CLANG_ENABLE_MODULES = YES;
				CLANG_ENABLE_OBJC_ARC = YES;
				CLANG_ENABLE_OBJC_WEAK = YES;
				CLANG_WARN_BLOCK_CAPTURE_AUTORELEASING = YES;
				CLANG_WARN_BOOL_CONVERSION = YES;
				CLANG_WARN_COMMA = YES;
				CLANG_WARN_CONSTANT_CONVERSION = YES;
				CLANG_WARN_DEPRECATED_OBJC_IMPLEMENTATIONS = YES;
				CLANG_WARN_DIRECT_OBJC_ISA_USAGE = YES_ERROR;
				CLANG_WARN_DOCUMENTATION_COMMENTS = YES;
				CLANG_WARN_EMPTY_BODY = YES;
				CLANG_WARN_ENUM_CONVERSION = YES;
				CLANG_WARN_INFINITE_RECURSION = YES;
				CLANG_WARN_INT_CONVERSION = YES;
				CLANG_WARN_NON_LITERAL_NULL_CONVERSION = YES;
				CLANG_WARN_OBJC_IMPLICIT_RETAIN_SELF = YES;
				CLANG_WARN_OBJC_LITERAL_CONVERSION = YES;
				CLANG_WARN_OBJC_ROOT_CLASS = YES_ERROR;
				CLANG_WARN_QUOTED_INCLUDE_IN_FRAMEWORK_HEADER = YES;
				CLANG_WARN_RANGE_LOOP_ANALYSIS = YES;
				CLANG_WARN_STRICT_PROTOTYPES = YES;
				CLANG_WARN_SUSPICIOUS_MOVE = YES;
				CLANG_WARN_UNGUARDED_AVAILABILITY = YES_AGGRESSIVE;
				CLANG_WARN_UNREACHABLE_CODE = YES;
				CLANG_WARN__DUPLICATE_METHOD_MATCH = YES;
				COPY_PHASE_STRIP = NO;
				DEBUG_INFORMATION_FORMAT = dwarf;
				ENABLE_STRICT_OBJC_MSGSEND = YES;
				ENABLE_TESTABILITY = YES;
				ENABLE_USER_SCRIPT_SANDBOXING = YES;
				GCC_C_LANGUAGE_STANDARD = gnu17;
				GCC_DYNAMIC_NO_PIC = NO;
				GCC_NO_COMMON_BLOCKS = YES;
				GCC_OPTIMIZATION_LEVEL = 0;
				GCC_PREPROCESSOR_DEFINITIONS = (
					"DEBUG=1",
					"$(inherited)",
				);
				GCC_WARN_64_TO_32_BIT_CONVERSION = YES;
				GCC_WARN_ABOUT_RETURN_TYPE = YES_ERROR;
				GCC_WARN_UNDECLARED_SELECTOR = YES;
				GCC_WARN_UNINITIALIZED_AUTOS = YES_AGGRESSIVE;
				GCC_WARN_UNUSED_FUNCTION = YES;
				GCC_WARN_UNUSED_VARIABLE = YES;
				IPHONEOS_DEPLOYMENT_TARGET = 26.2;
				LOCALIZATION_PREFERS_STRING_CATALOGS = YES;
				MTL_ENABLE_DEBUG_INFO = INCLUDE_SOURCE;
				MTL_FAST_MATH = YES;
				ONLY_ACTIVE_ARCH = YES;
				SDKROOT = iphoneos;
				SWIFT_ACTIVE_COMPILATION_CONDITIONS = "DEBUG $(inherited)";
				SWIFT_OPTIMIZATION_LEVEL = "-Onone";
			};
			name = Debug;
		};
		5CA09E752F3186AD00C4933A /* Release */ = {
			isa = XCBuildConfiguration;
			buildSettings = {
				ALWAYS_SEARCH_USER_PATHS = NO;
				ASSETCATALOG_COMPILER_GENERATE_SWIFT_ASSET_SYMBOL_EXTENSIONS = YES;
				CLANG_ANALYZER_NONNULL = YES;
				CLANG_ANALYZER_NUMBER_OBJECT_CONVERSION = YES_AGGRESSIVE;
				CLANG_CXX_LANGUAGE_STANDARD = "gnu++20";
				CLANG_ENABLE_MODULES = YES;
				CLANG_ENABLE_OBJC_ARC = YES;
				CLANG_ENABLE_OBJC_WEAK = YES;
				CLANG_WARN_BLOCK_CAPTURE_AUTORELEASING = YES;
				CLANG_WARN_BOOL_CONVERSION = YES;
				CLANG_WARN_COMMA = YES;
				CLANG_WARN_CONSTANT_CONVERSION = YES;
				CLANG_WARN_DEPRECATED_OBJC_IMPLEMENTATIONS = YES;
				CLANG_WARN_DIRECT_OBJC_ISA_USAGE = YES_ERROR;
				CLANG_WARN_DOCUMENTATION_COMMENTS = YES;
				CLANG_WARN_EMPTY_BODY = YES;
				CLANG_WARN_ENUM_CONVERSION = YES;
				CLANG_WARN_INFINITE_RECURSION = YES;
				CLANG_WARN_INT_CONVERSION = YES;
				CLANG_WARN_NON_LITERAL_NULL_CONVERSION = YES;
				CLANG_WARN_OBJC_IMPLICIT_RETAIN_SELF = YES;
				CLANG_WARN_OBJC_LITERAL_CONVERSION = YES;
				CLANG_WARN_OBJC_ROOT_CLASS = YES_ERROR;
				CLANG_WARN_QUOTED_INCLUDE_IN_FRAMEWORK_HEADER = YES;
				CLANG_WARN_RANGE_LOOP_ANALYSIS = YES;
				CLANG_WARN_STRICT_PROTOTYPES = YES;
				CLANG_WARN_SUSPICIOUS_MOVE = YES;
				CLANG_WARN_UNGUARDED_AVAILABILITY = YES_AGGRESSIVE;
				CLANG_WARN_UNREACHABLE_CODE = YES;
				CLANG_WARN__DUPLICATE_METHOD_MATCH = YES;
				COPY_PHASE_STRIP = NO;
				DEBUG_INFORMATION_FORMAT = "dwarf-with-dsym";
				ENABLE_NS_ASSERTIONS = NO;
				ENABLE_STRICT_OBJC_MSGSEND = YES;
				ENABLE_USER_SCRIPT_SANDBOXING = YES;
				GCC_C_LANGUAGE_STANDARD = gnu17;
				GCC_NO_COMMON_BLOCKS = YES;
				GCC_WARN_64_TO_32_BIT_CONVERSION = YES;
				GCC_WARN_ABOUT_RETURN_TYPE = YES_ERROR;
				GCC_WARN_UNDECLARED_SELECTOR = YES;
				GCC_WARN_UNINITIALIZED_AUTOS = YES_AGGRESSIVE;
				GCC_WARN_UNUSED_FUNCTION = YES;
				GCC_WARN_UNUSED_VARIABLE = YES;
				IPHONEOS_DEPLOYMENT_TARGET = 26.2;
				LOCALIZATION_PREFERS_STRING_CATALOGS = YES;
				MTL_ENABLE_DEBUG_INFO = NO;
				MTL_FAST_MATH = YES;
				SDKROOT = iphoneos;
				SWIFT_COMPILATION_MODE = wholemodule;
				VALIDATE_PRODUCT = YES;
			};
			name = Release;
		};
		5CA09E772F3186AD00C4933A /* Debug */ = {
			isa = XCBuildConfiguration;
			buildSettings = {
				ASSETCATALOG_COMPILER_APPICON_NAME = AppIcon;
				ASSETCATALOG_COMPILER_GLOBAL_ACCENT_COLOR_NAME = AccentColor;
				CODE_SIGN_STYLE = Automatic;
				CURRENT_PROJECT_VERSION = 1;
				DEVELOPMENT_TEAM = 6Z77Y52QVL;
				ENABLE_PREVIEWS = YES;
				GENERATE_INFOPLIST_FILE = YES;
				INFOPLIST_KEY_NSSupportsLiveActivities = YES;
				INFOPLIST_KEY_UIApplicationSceneManifest_Generation = YES;
				INFOPLIST_KEY_UIApplicationSupportsIndirectInputEvents = YES;
				INFOPLIST_KEY_UILaunchScreen_Generation = YES;
				INFOPLIST_KEY_UISupportedInterfaceOrientations_iPad = "UIInterfaceOrientationPortrait UIInterfaceOrientationPortraitUpsideDown UIInterfaceOrientationLandscapeLeft UIInterfaceOrientationLandscapeRight";
				INFOPLIST_KEY_UISupportedInterfaceOrientations_iPhone = "UIInterfaceOrientationPortrait UIInterfaceOrientationLandscapeLeft UIInterfaceOrientationLandscapeRight";
				LD_RUNPATH_SEARCH_PATHS = (
					"$(inherited)",
					"@executable_path/Frameworks",
				);
				LIBRARY_SEARCH_PATHS = (
					"$(inherited)",
					"$(PROJECT_DIR)/VALORANT\\ Esports/vlrggapi/.venv/lib/python3.12/site-packages/pydantic_core",
					"$(PROJECT_DIR)/VALORANT\\ Esports/.vlrggapi/.venv/lib/python3.12/site-packages/pydantic_core",
				);
				MARKETING_VERSION = 1.0;
				PRODUCT_BUNDLE_IDENTIFIER = "com.aamir.VALORANT-Esports";
				PRODUCT_NAME = "$(TARGET_NAME)";
				STRING_CATALOG_GENERATE_SYMBOLS = YES;
				SWIFT_APPROACHABLE_CONCURRENCY = YES;
				SWIFT_DEFAULT_ACTOR_ISOLATION = MainActor;
				SWIFT_EMIT_LOC_STRINGS = YES;
				SWIFT_UPCOMING_FEATURE_MEMBER_IMPORT_VISIBILITY = YES;
				SWIFT_VERSION = 5.0;
				TARGETED_DEVICE_FAMILY = "1,2";
			};
			name = Debug;
		};
		5CA09E782F3186AD00C4933A /* Release */ = {
			isa = XCBuildConfiguration;
			buildSettings = {
				ASSETCATALOG_COMPILER_APPICON_NAME = AppIcon;
				ASSETCATALOG_COMPILER_GLOBAL_ACCENT_COLOR_NAME = AccentColor;
				CODE_SIGN_STYLE = Automatic;
				CURRENT_PROJECT_VERSION = 1;
				DEVELOPMENT_TEAM = 6Z77Y52QVL;
				ENABLE_PREVIEWS = YES;
				GENERATE_INFOPLIST_FILE = YES;
				INFOPLIST_KEY_NSSupportsLiveActivities = YES;
				INFOPLIST_KEY_UIApplicationSceneManifest_Generation = YES;
				INFOPLIST_KEY_UIApplicationSupportsIndirectInputEvents = YES;
				INFOPLIST_KEY_UILaunchScreen_Generation = YES;
				INFOPLIST_KEY_UISupportedInterfaceOrientations_iPad = "UIInterfaceOrientationPortrait UIInterfaceOrientationPortraitUpsideDown UIInterfaceOrientationLandscapeLeft UIInterfaceOrientationLandscapeRight";
				INFOPLIST_KEY_UISupportedInterfaceOrientations_iPhone = "UIInterfaceOrientationPortrait UIInterfaceOrientationLandscapeLeft UIInterfaceOrientationLandscapeRight";
				LD_RUNPATH_SEARCH_PATHS = (
					"$(inherited)",
					"@executable_path/Frameworks",
				);
				LIBRARY_SEARCH_PATHS = (
					"$(inherited)",
					"$(PROJECT_DIR)/VALORANT\\ Esports/vlrggapi/.venv/lib/python3.12/site-packages/pydantic_core",
					"$(PROJECT_DIR)/VALORANT\\ Esports/.vlrggapi/.venv/lib/python3.12/site-packages/pydantic_core",
				);
				MARKETING_VERSION = 1.0;
				PRODUCT_BUNDLE_IDENTIFIER = "com.aamir.VALORANT-Esports";
				PRODUCT_NAME = "$(TARGET_NAME)";
				STRING_CATALOG_GENERATE_SYMBOLS = YES;
				SWIFT_APPROACHABLE_CONCURRENCY = YES;
				SWIFT_DEFAULT_ACTOR_ISOLATION = MainActor;
				SWIFT_EMIT_LOC_STRINGS = YES;
				SWIFT_UPCOMING_FEATURE_MEMBER_IMPORT_VISIBILITY = YES;
				SWIFT_VERSION = 5.0;
				TARGETED_DEVICE_FAMILY = "1,2";
			};
			name = Release;
		};
		5CA09E7A2F3186AD00C4933A /* Debug */ = {
			isa = XCBuildConfiguration;
			buildSettings = {
				BUNDLE_LOADER = "$(TEST_HOST)";
				CODE_SIGN_STYLE = Automatic;
				CURRENT_PROJECT_VERSION = 1;
				DEVELOPMENT_TEAM = 6Z77Y52QVL;
				GENERATE_INFOPLIST_FILE = YES;
				IPHONEOS_DEPLOYMENT_TARGET = 26.2;
				MARKETING_VERSION = 1.0;
				PRODUCT_BUNDLE_IDENTIFIER = "com.aamir.VALORANT-EsportsTests";
				PRODUCT_NAME = "$(TARGET_NAME)";
				STRING_CATALOG_GENERATE_SYMBOLS = NO;
				SWIFT_APPROACHABLE_CONCURRENCY = YES;
				SWIFT_EMIT_LOC_STRINGS = NO;
				SWIFT_UPCOMING_FEATURE_MEMBER_IMPORT_VISIBILITY = YES;
				SWIFT_VERSION = 5.0;
				TARGETED_DEVICE_FAMILY = "1,2";
				TEST_HOST = "$(BUILT_PRODUCTS_DIR)/VALORANT Esports.app/$(BUNDLE_EXECUTABLE_FOLDER_PATH)/VALORANT Esports";
			};
			name = Debug;
		};
		5CA09E7B2F3186AD00C4933A /* Release */ = {
			isa = XCBuildConfiguration;
			buildSettings = {
				BUNDLE_LOADER = "$(TEST_HOST)";
				CODE_SIGN_STYLE = Automatic;
				CURRENT_PROJECT_VERSION = 1;
				DEVELOPMENT_TEAM = 6Z77Y52QVL;
				GENERATE_INFOPLIST_FILE = YES;
				IPHONEOS_DEPLOYMENT_TARGET = 26.2;
				MARKETING_VERSION = 1.0;
				PRODUCT_BUNDLE_IDENTIFIER = "com.aamir.VALORANT-EsportsTests";
				PRODUCT_NAME = "$(TARGET_NAME)";
				STRING_CATALOG_GENERATE_SYMBOLS = NO;
				SWIFT_APPROACHABLE_CONCURRENCY = YES;
				SWIFT_EMIT_LOC_STRINGS = NO;
				SWIFT_UPCOMING_FEATURE_MEMBER_IMPORT_VISIBILITY = YES;
				SWIFT_VERSION = 5.0;
				TARGETED_DEVICE_FAMILY = "1,2";
				TEST_HOST = "$(BUILT_PRODUCTS_DIR)/VALORANT Esports.app/$(BUNDLE_EXECUTABLE_FOLDER_PATH)/VALORANT Esports";
			};
			name = Release;
		};
		5CA09E7D2F3186AD00C4933A /* Debug */ = {
			isa = XCBuildConfiguration;
			buildSettings = {
				CODE_SIGN_STYLE = Automatic;
				CURRENT_PROJECT_VERSION = 1;
				DEVELOPMENT_TEAM = 6Z77Y52QVL;
				GENERATE_INFOPLIST_FILE = YES;
				MARKETING_VERSION = 1.0;
				PRODUCT_BUNDLE_IDENTIFIER = "com.aamir.VALORANT-EsportsUITests";
				PRODUCT_NAME = "$(TARGET_NAME)";
				STRING_CATALOG_GENERATE_SYMBOLS = NO;
				SWIFT_APPROACHABLE_CONCURRENCY = YES;
				SWIFT_EMIT_LOC_STRINGS = NO;
				SWIFT_UPCOMING_FEATURE_MEMBER_IMPORT_VISIBILITY = YES;
				SWIFT_VERSION = 5.0;
				TARGETED_DEVICE_FAMILY = "1,2";
				TEST_TARGET_NAME = "VALORANT Esports";
			};
			name = Debug;
		};
		5CA09E7E2F3186AD00C4933A /* Release */ = {
			isa = XCBuildConfiguration;
			buildSettings = {
				CODE_SIGN_STYLE = Automatic;
				CURRENT_PROJECT_VERSION = 1;
				DEVELOPMENT_TEAM = 6Z77Y52QVL;
				GENERATE_INFOPLIST_FILE = YES;
				MARKETING_VERSION = 1.0;
				PRODUCT_BUNDLE_IDENTIFIER = "com.aamir.VALORANT-EsportsUITests";
				PRODUCT_NAME = "$(TARGET_NAME)";
				STRING_CATALOG_GENERATE_SYMBOLS = NO;
				SWIFT_APPROACHABLE_CONCURRENCY = YES;
				SWIFT_EMIT_LOC_STRINGS = NO;
				SWIFT_UPCOMING_FEATURE_MEMBER_IMPORT_VISIBILITY = YES;
				SWIFT_VERSION = 5.0;
				TARGETED_DEVICE_FAMILY = "1,2";
				TEST_TARGET_NAME = "VALORANT Esports";
			};
			name = Release;
		};
/* End XCBuildConfiguration section */

/* Begin XCConfigurationList section */
		5C919DEC2F7DC17500DCF5CF /* Build configuration list for PBXNativeTarget "VALORANT EsportsWidgetsExtension" */ = {
			isa = XCConfigurationList;
			buildConfigurations = (
				5C919DED2F7DC17500DCF5CF /* Debug */,
				5C919DEE2F7DC17500DCF5CF /* Release */,
			);
			defaultConfigurationIsVisible = 0;
			defaultConfigurationName = Release;
		};
		5CA09E502F3186AC00C4933A /* Build configuration list for PBXProject "VALORANT Esports" */ = {
			isa = XCConfigurationList;
			buildConfigurations = (
				5CA09E742F3186AD00C4933A /* Debug */,
				5CA09E752F3186AD00C4933A /* Release */,
			);
			defaultConfigurationIsVisible = 0;
			defaultConfigurationName = Release;
		};
		5CA09E762F3186AD00C4933A /* Build configuration list for PBXNativeTarget "VALORANT Esports" */ = {
			isa = XCConfigurationList;
			buildConfigurations = (
				5CA09E772F3186AD00C4933A /* Debug */,
				5CA09E782F3186AD00C4933A /* Release */,
			);
			defaultConfigurationIsVisible = 0;
			defaultConfigurationName = Release;
		};
		5CA09E792F3186AD00C4933A /* Build configuration list for PBXNativeTarget "VALORANT EsportsTests" */ = {
			isa = XCConfigurationList;
			buildConfigurations = (
				5CA09E7A2F3186AD00C4933A /* Debug */,
				5CA09E7B2F3186AD00C4933A /* Release */,
			);
			defaultConfigurationIsVisible = 0;
			defaultConfigurationName = Release;
		};
		5CA09E7C2F3186AD00C4933A /* Build configuration list for PBXNativeTarget "VALORANT EsportsUITests" */ = {
			isa = XCConfigurationList;
			buildConfigurations = (
				5CA09E7D2F3186AD00C4933A /* Debug */,
				5CA09E7E2F3186AD00C4933A /* Release */,
			);
			defaultConfigurationIsVisible = 0;
			defaultConfigurationName = Release;
		};
/* End XCConfigurationList section */
	};
	rootObject = 5CA09E4D2F3186AC00C4933A /* Project object */;
}
